
Microsoft Visual Studio Solution File, Format Version 12.00
# Visual Studio Version 16
VisualStudioVersion = 16.0.29709.97
MinimumVisualStudioVersion = 10.0.40219.1
Project("{9A19103F-16F7-4668-BE54-9A1E7A4F7556}") = "DesafioWebMotors.Client", "DesafioWebMotors.Client\DesafioWebMotors.Client.csproj", "{CA92A362-6DBA-4221-B14D-C35F5EC1BDA3}"
EndProject
Project("{9A19103F-16F7-4668-BE54-9A1E7A4F7556}") = "DesafioWebMotors.Persistence", "DesafioWebMotors.Persistence\DesafioWebMotors.Persistence.csproj", "{B720B7E1-574D-466D-B6F1-14883F3FD795}"
EndProject
Project("{FAE04EC0-301F-11D3-BF4B-00C04F79EFBC}") = "DesafioWebMotors.ApiServices", "DesafioWebMotors.ApiServices\DesafioWebMotors.ApiServices.csproj", "{3D385AD4-7B0F-497D-A457-24771044ED78}"
EndProject
Project("{FAE04EC0-301F-11D3-BF4B-00C04F79EFBC}") = "DesafioWebMotors.Application", "DesafioWebMotors.Application\DesafioWebMotors.Application.csproj", "{34FD7550-7C1F-4E73-A15A-4188FA1114C6}"
EndProject
Global
	GlobalSection(SolutionConfigurationPlatforms) = preSolution
		Debug|Any CPU = Debug|Any CPU
		Release|Any CPU = Release|Any CPU
	EndGlobalSection
	GlobalSection(ProjectConfigurationPlatforms) = postSolution
		{CA92A362-6DBA-4221-B14D-C35F5EC1BDA3}.Debug|Any CPU.ActiveCfg = Debug|Any CPU
		{CA92A362-6DBA-4221-B14D-C35F5EC1BDA3}.Debug|Any CPU.Build.0 = Debug|Any CPU
		{CA92A362-6DBA-4221-B14D-C35F5EC1BDA3}.Release|Any CPU.ActiveCfg = Release|Any CPU
		{CA92A362-6DBA-4221-B14D-C35F5EC1BDA3}.Release|Any CPU.Build.0 = Release|Any CPU
		{B720B7E1-574D-466D-B6F1-14883F3FD795}.Debug|Any CPU.ActiveCfg = Debug|Any CPU
		{B720B7E1-574D-466D-B6F1-14883F3FD795}.Debug|Any CPU.Build.0 = Debug|Any CPU
		{B720B7E1-574D-466D-B6F1-14883F3FD795}.Release|Any CPU.ActiveCfg = Release|Any CPU
		{B720B7E1-574D-466D-B6F1-14883F3FD795}.Release|Any CPU.Build.0 = Release|Any CPU
		{3D385AD4-7B0F-497D-A457-24771044ED78}.Debug|Any CPU.ActiveCfg = Debug|Any CPU
		{3D385AD4-7B0F-497D-A457-24771044ED78}.Debug|Any CPU.Build.0 = Debug|Any CPU
		{3D385AD4-7B0F-497D-A457-24771044ED78}.Release|Any CPU.ActiveCfg = Release|Any CPU
		{3D385AD4-7B0F-497D-A457-24771044ED78}.Release|Any CPU.Build.0 = Release|Any CPU
		{34FD7550-7C1F-4E73-A15A-4188FA1114C6}.Debug|Any CPU.ActiveCfg = Debug|Any CPU
		{34FD7550-7C1F-4E73-A15A-4188FA1114C6}.Debug|Any CPU.Build.0 = Debug|Any CPU
		{34FD7550-7C1F-4E73-A15A-4188FA1114C6}.Release|Any CPU.ActiveCfg = Release|Any CPU
		{34FD7550-7C1F-4E73-A15A-4188FA1114C6}.Release|Any CPU.Build.0 = Release|Any CPU
	EndGlobalSection
	GlobalSection(SolutionProperties) = preSolution
		HideSolutionNode = FALSE
	EndGlobalSection
	GlobalSection(ExtensibilityGlobals) = postSolution
		SolutionGuid = {E5D8910B-8B05-42D8-9B80-776736C5602D}
	EndGlobalSection
EndGlobal
